
Microsoft Visual Studio Solution File, Format Version 12.00
# Visual Studio Version 17
VisualStudioVersion = 17.8.34330.188
MinimumVisualStudioVersion = 10.0.40219.1
Project("{FAE04EC0-301F-11D3-BF4B-00C04F79EFBC}") = "TestPublicBlazor.Server", "TestPublicBlazor\Server\TestPublicBlazor.Server.csproj", "{047250DD-F342-4E19-98BD-91619FA2BA6C}"
EndProject
Project("{FAE04EC0-301F-11D3-BF4B-00C04F79EFBC}") = "TestPublicBlazor.Client", "TestPublicBlazor\Client\TestPublicBlazor.Client.csproj", "{80BD5751-E865-48C4-A7BE-8109DA029A63}"
EndProject
Project("{FAE04EC0-301F-11D3-BF4B-00C04F79EFBC}") = "TestPublicBlazor.Shared", "TestPublicBlazor\Shared\TestPublicBlazor.Shared.csproj", "{814D3A5E-A531-4965-B2FB-0D1C8EECCE53}"
EndProject
Global
	GlobalSection(SolutionConfigurationPlatforms) = preSolution
		Debug|Any CPU = Debug|Any CPU
		Release|Any CPU = Release|Any CPU
	EndGlobalSection
	GlobalSection(ProjectConfigurationPlatforms) = postSolution
		{047250DD-F342-4E19-98BD-91619FA2BA6C}.Debug|Any CPU.ActiveCfg = Debug|Any CPU
		{047250DD-F342-4E19-98BD-91619FA2BA6C}.Debug|Any CPU.Build.0 = Debug|Any CPU
		{047250DD-F342-4E19-98BD-91619FA2BA6C}.Release|Any CPU.ActiveCfg = Release|Any CPU
		{047250DD-F342-4E19-98BD-91619FA2BA6C}.Release|Any CPU.Build.0 = Release|Any CPU
		{80BD5751-E865-48C4-A7BE-8109DA029A63}.Debug|Any CPU.ActiveCfg = Debug|Any CPU
		{80BD5751-E865-48C4-A7BE-8109DA029A63}.Debug|Any CPU.Build.0 = Debug|Any CPU
		{80BD5751-E865-48C4-A7BE-8109DA029A63}.Release|Any CPU.ActiveCfg = Release|Any CPU
		{80BD5751-E865-48C4-A7BE-8109DA029A63}.Release|Any CPU.Build.0 = Release|Any CPU
		{814D3A5E-A531-4965-B2FB-0D1C8EECCE53}.Debug|Any CPU.ActiveCfg = Debug|Any CPU
		{814D3A5E-A531-4965-B2FB-0D1C8EECCE53}.Debug|Any CPU.Build.0 = Debug|Any CPU
		{814D3A5E-A531-4965-B2FB-0D1C8EECCE53}.Release|Any CPU.ActiveCfg = Release|Any CPU
		{814D3A5E-A531-4965-B2FB-0D1C8EECCE53}.Release|Any CPU.Build.0 = Release|Any CPU
	EndGlobalSection
	GlobalSection(SolutionProperties) = preSolution
		HideSolutionNode = FALSE
	EndGlobalSection
	GlobalSection(ExtensibilityGlobals) = postSolution
		SolutionGuid = {2D516A70-B81A-49B9-B899-5B74DA2DB013}
	EndGlobalSection
EndGlobal
